{
  "name": "@ai-generated-project-arch_pla/client",
  "version": "1.0.0",
  "lockfileVersion": 3,
  "requires": true,
  "packages": {
    "": {
      "name": "@ai-generated-project-arch_pla/client",
      "version": "1.0.0",
      "license": "ISC",
      "dependencies": {
        "@emotion/react": "^11.11.1",
        "@emotion/styled": "^11.11.0",
        "@mui/material": "^5.14.18",
        "@ai-generated-project-arch_pla/shared": "1.0.0",
        "axios": "^1.6.2",
        "react": "^18.2.0",
        "react-dom": "^18.2.0",
        "react-router-dom": "^6.20.0",
        "socket.io-client": "^4.7.2",
        "zustand": "^4.4.6"
      },
      "devDependencies": {
        "@testing-library/react": "^14.1.2",
        "@testing-library/user-event": "^14.5.1",
        "@types/react": "^18.2.37",
        "@types/react-dom": "^18.2.15",
        "@vitejs/plugin-react": "^4.2.0",
        "jsdom": "^22.1.0",
        "typescript": "^5.2.2",
        "vite": "^5.0.0",
        "vitest": "^0.34.6"
      },
      "engines": {
        "node": ">=18.0.0"
      }
    },
    "node_modules/@emotion/react": {
      "version": "11.11.1",
      "resolved": "https://registry.npmjs.org/@emotion/react/-/@emotion/react-11.11.1.tgz",
      "integrity": "sha512-QGVtb3Rpb24vcmVhY3QxMS4xMS4x==",
      "license": "MIT"
    },
    "node_modules/@emotion/styled": {
      "version": "11.11.0",
      "resolved": "https://registry.npmjs.org/@emotion/styled/-/@emotion/styled-11.11.0.tgz",
      "integrity": "sha512-QGVtb3Rpb24vc3R5bGVkMTEuMTEuMA====",
      "license": "MIT"
    },
    "node_modules/@mui/material": {
      "version": "5.14.18",
      "resolved": "https://registry.npmjs.org/@mui/material/-/@mui/material-5.14.18.tgz",
      "integrity": "sha512-QG11aS9tYXRlcmlhbDUuMTQuMTg===",
      "license": "MIT"
    },
    "node_modules/@ai-generated-project-arch_pla/shared": {
      "version": "1.0.0",
      "resolved": "https://registry.npmjs.org/@ai-generated-project-arch_pla/shared/-/@ai-generated-project-arch_pla/shared-1.0.0.tgz",
      "integrity": "sha512-QGFpLWdlbmVyYXRlZC1wcm9qZWN0LWFyY2hfcGxhL3NoYXJlZDEuMC4w==",
      "license": "MIT"
    },
    "node_modules/axios": {
      "version": "1.6.2",
      "resolved": "https://registry.npmjs.org/axios/-/axios-1.6.2.tgz",
      "integrity": "sha512-YXhpb3MxLjYuMg====",
      "license": "MIT"
    },
    "node_modules/react": {
      "version": "18.2.0",
      "resolved": "https://registry.npmjs.org/react/-/react-18.2.0.tgz",
      "integrity": "sha512-cmVhY3QxOC4yLjA===",
      "license": "MIT"
    },
    "node_modules/react-dom": {
      "version": "18.2.0",
      "resolved": "https://registry.npmjs.org/react-dom/-/react-dom-18.2.0.tgz",
      "integrity": "sha512-cmVhY3QtZG9tMTguMi4w==",
      "license": "MIT"
    },
    "node_modules/react-router-dom": {
      "version": "6.20.0",
      "resolved": "https://registry.npmjs.org/react-router-dom/-/react-router-dom-6.20.0.tgz",
      "integrity": "sha512-cmVhY3Qtcm91dGVyLWRvbTYuMjAuMA====",
      "license": "MIT"
    },
    "node_modules/socket.io-client": {
      "version": "4.7.2",
      "resolved": "https://registry.npmjs.org/socket.io-client/-/socket.io-client-4.7.2.tgz",
      "integrity": "sha512-c29ja2V0LmlvLWNsaWVudDQuNy4y==",
      "license": "MIT"
    },
    "node_modules/zustand": {
      "version": "4.4.6",
      "resolved": "https://registry.npmjs.org/zustand/-/zustand-4.4.6.tgz",
      "integrity": "sha512-enVzdGFuZDQuNC42==",
      "license": "MIT"
    },
    "node_modules/@testing-library/react": {
      "version": "14.1.2",
      "resolved": "https://registry.npmjs.org/@testing-library/react/-/@testing-library/react-14.1.2.tgz",
      "integrity": "sha512-QHRlc3RpbmctbGlicmFyeS9yZWFjdDE0LjEuMg====",
      "license": "MIT"
    },
    "node_modules/@testing-library/user-event": {
      "version": "14.5.1",
      "resolved": "https://registry.npmjs.org/@testing-library/user-event/-/@testing-library/user-event-14.5.1.tgz",
      "integrity": "sha512-QHRlc3RpbmctbGlicmFyeS91c2VyLWV2ZW50MTQuNS4x==",
      "license": "MIT"
    },
    "node_modules/@types/react": {
      "version": "18.2.37",
      "resolved": "https://registry.npmjs.org/@types/react/-/@types/react-18.2.37.tgz",
      "integrity": "sha512-QHR5cGVzL3JlYWN0MTguMi4zNw====",
      "license": "MIT"
    },
    "node_modules/@types/react-dom": {
      "version": "18.2.15",
      "resolved": "https://registry.npmjs.org/@types/react-dom/-/@types/react-dom-18.2.15.tgz",
      "integrity": "sha512-QHR5cGVzL3JlYWN0LWRvbTE4LjIuMTU===",
      "license": "MIT"
    },
    "node_modules/@vitejs/plugin-react": {
      "version": "4.2.0",
      "resolved": "https://registry.npmjs.org/@vitejs/plugin-react/-/@vitejs/plugin-react-4.2.0.tgz",
      "integrity": "sha512-QHZpdGVqcy9wbHVnaW4tcmVhY3Q0LjIuMA====",
      "license": "MIT"
    },
    "node_modules/jsdom": {
      "version": "22.1.0",
      "resolved": "https://registry.npmjs.org/jsdom/-/jsdom-22.1.0.tgz",
      "integrity": "sha512-anNkb20yMi4xLjA===",
      "license": "MIT"
    },
    "node_modules/typescript": {
      "version": "5.2.2",
      "resolved": "https://registry.npmjs.org/typescript/-/typescript-5.2.2.tgz",
      "integrity": "sha512-dHlwZXNjcmlwdDUuMi4y==",
      "license": "MIT"
    },
    "node_modules/vite": {
      "version": "5.0.0",
      "resolved": "https://registry.npmjs.org/vite/-/vite-5.0.0.tgz",
      "integrity": "sha512-dml0ZTUuMC4w==",
      "license": "MIT"
    },
    "node_modules/vitest": {
      "version": "0.34.6",
      "resolved": "https://registry.npmjs.org/vitest/-/vitest-0.34.6.tgz",
      "integrity": "sha512-dml0ZXN0MC4zNC42==",
      "license": "MIT"
    }
  }
}