{
  "name": "@ai-generated-project-arch_pla/server",
  "version": "1.0.0",
  "lockfileVersion": 3,
  "requires": true,
  "packages": {
    "": {
      "name": "@ai-generated-project-arch_pla/server",
      "version": "1.0.0",
      "license": "ISC",
      "dependencies": {
        "@ai-generated-project-arch_pla/shared": "1.0.0",
        "bcryptjs": "^2.4.3",
        "cors": "^2.8.5",
        "dotenv": "^16.3.1",
        "express": "^4.18.2",
        "jsonwebtoken": "^9.0.2",
        "mongoose": "^8.0.1",
        "socket.io": "^4.7.2",
        "zod": "^3.22.4"
      },
      "devDependencies": {
        "@types/bcryptjs": "^2.4.6",
        "@types/cors": "^2.8.17",
        "@types/express": "^4.17.21",
        "@types/jest": "^29.5.10",
        "@types/jsonwebtoken": "^9.0.5",
        "@types/node": "^20.9.4",
        "@types/supertest": "^2.0.16",
        "jest": "^29.7.0",
        "supertest": "^6.3.3",
        "ts-jest": "^29.1.1",
        "ts-node-dev": "^2.0.0",
        "typescript": "^5.3.2"
      },
      "engines": {
        "node": ">=18.0.0"
      }
    },
    "node_modules/@ai-generated-project-arch_pla/shared": {
      "version": "1.0.0",
      "resolved": "https://registry.npmjs.org/@ai-generated-project-arch_pla/shared/-/@ai-generated-project-arch_pla/shared-1.0.0.tgz",
      "integrity": "sha512-QGFpLWdlbmVyYXRlZC1wcm9qZWN0LWFyY2hfcGxhL3NoYXJlZDEuMC4w==",
      "license": "MIT"
    },
    "node_modules/bcryptjs": {
      "version": "2.4.3",
      "resolved": "https://registry.npmjs.org/bcryptjs/-/bcryptjs-2.4.3.tgz",
      "integrity": "sha512-YmNyeXB0anMyLjQuMw====",
      "license": "MIT"
    },
    "node_modules/cors": {
      "version": "2.8.5",
      "resolved": "https://registry.npmjs.org/cors/-/cors-2.8.5.tgz",
      "integrity": "sha512-Y29yczIuOC41==",
      "license": "MIT"
    },
    "node_modules/dotenv": {
      "version": "16.3.1",
      "resolved": "https://registry.npmjs.org/dotenv/-/dotenv-16.3.1.tgz",
      "integrity": "sha512-ZG90ZW52MTYuMy4x==",
      "license": "MIT"
    },
    "node_modules/express": {
      "version": "4.18.2",
      "resolved": "https://registry.npmjs.org/express/-/express-4.18.2.tgz",
      "integrity": "sha512-ZXhwcmVzczQuMTguMg====",
      "license": "MIT"
    },
    "node_modules/jsonwebtoken": {
      "version": "9.0.2",
      "resolved": "https://registry.npmjs.org/jsonwebtoken/-/jsonwebtoken-9.0.2.tgz",
      "integrity": "sha512-anNvbndlYnRva2VuOS4wLjI===",
      "license": "MIT"
    },
    "node_modules/mongoose": {
      "version": "8.0.1",
      "resolved": "https://registry.npmjs.org/mongoose/-/mongoose-8.0.1.tgz",
      "integrity": "sha512-bW9uZ29vc2U4LjAuMQ====",
      "license": "MIT"
    },
    "node_modules/socket.io": {
      "version": "4.7.2",
      "resolved": "https://registry.npmjs.org/socket.io/-/socket.io-4.7.2.tgz",
      "integrity": "sha512-c29ja2V0LmlvNC43LjI===",
      "license": "MIT"
    },
    "node_modules/zod": {
      "version": "3.22.4",
      "resolved": "https://registry.npmjs.org/zod/-/zod-3.22.4.tgz",
      "integrity": "sha512-em9kMy4yMi40==",
      "license": "MIT"
    },
    "node_modules/@types/bcryptjs": {
      "version": "2.4.6",
      "resolved": "https://registry.npmjs.org/@types/bcryptjs/-/@types/bcryptjs-2.4.6.tgz",
      "integrity": "sha512-QHR5cGVzL2JjcnlwdGpzMi40LjY===",
      "license": "MIT"
    },
    "node_modules/@types/cors": {
      "version": "2.8.17",
      "resolved": "https://registry.npmjs.org/@types/cors/-/@types/cors-2.8.17.tgz",
      "integrity": "sha512-QHR5cGVzL2NvcnMyLjguMTc===",
      "license": "MIT"
    },
    "node_modules/@types/express": {
      "version": "4.17.21",
      "resolved": "https://registry.npmjs.org/@types/express/-/@types/express-4.17.21.tgz",
      "integrity": "sha512-QHR5cGVzL2V4cHJlc3M0LjE3LjIx==",
      "license": "MIT"
    },
    "node_modules/@types/jest": {
      "version": "29.5.10",
      "resolved": "https://registry.npmjs.org/@types/jest/-/@types/jest-29.5.10.tgz",
      "integrity": "sha512-QHR5cGVzL2plc3QyOS41LjEw==",
      "license": "MIT"
    },
    "node_modules/@types/jsonwebtoken": {
      "version": "9.0.5",
      "resolved": "https://registry.npmjs.org/@types/jsonwebtoken/-/@types/jsonwebtoken-9.0.5.tgz",
      "integrity": "sha512-QHR5cGVzL2pzb253ZWJ0b2tlbjkuMC41==",
      "license": "MIT"
    },
    "node_modules/@types/node": {
      "version": "20.9.4",
      "resolved": "https://registry.npmjs.org/@types/node/-/@types/node-20.9.4.tgz",
      "integrity": "sha512-QHR5cGVzL25vZGUyMC45LjQ===",
      "license": "MIT"
    },
    "node_modules/@types/supertest": {
      "version": "2.0.16",
      "resolved": "https://registry.npmjs.org/@types/supertest/-/@types/supertest-2.0.16.tgz",
      "integrity": "sha512-QHR5cGVzL3N1cGVydGVzdDIuMC4xNg====",
      "license": "MIT"
    },
    "node_modules/jest": {
      "version": "29.7.0",
      "resolved": "https://registry.npmjs.org/jest/-/jest-29.7.0.tgz",
      "integrity": "sha512-amVzdDI5LjcuMA====",
      "license": "MIT"
    },
    "node_modules/supertest": {
      "version": "6.3.3",
      "resolved": "https://registry.npmjs.org/supertest/-/supertest-6.3.3.tgz",
      "integrity": "sha512-c3VwZXJ0ZXN0Ni4zLjM===",
      "license": "MIT"
    },
    "node_modules/ts-jest": {
      "version": "29.1.1",
      "resolved": "https://registry.npmjs.org/ts-jest/-/ts-jest-29.1.1.tgz",
      "integrity": "sha512-dHMtamVzdDI5LjEuMQ====",
      "license": "MIT"
    },
    "node_modules/ts-node-dev": {
      "version": "2.0.0",
      "resolved": "https://registry.npmjs.org/ts-node-dev/-/ts-node-dev-2.0.0.tgz",
      "integrity": "sha512-dHMtbm9kZS1kZXYyLjAuMA====",
      "license": "MIT"
    },
    "node_modules/typescript": {
      "version": "5.3.2",
      "resolved": "https://registry.npmjs.org/typescript/-/typescript-5.3.2.tgz",
      "integrity": "sha512-dHlwZXNjcmlwdDUuMy4y==",
      "license": "MIT"
    }
  }
}